
Microsoft Visual Studio Solution File, Format Version 12.00
# Visual Studio 14
VisualStudioVersion = 14.0.25420.1
MinimumVisualStudioVersion = 10.0.40219.1
Project("{FAE04EC0-301F-11D3-BF4B-00C04F79EFBC}") = "WcfHost", "WcfHost\WcfHost.csproj", "{0F2986FC-8B63-49A9-B847-FD0B22C5CAC7}"
EndProject
Project("{FAE04EC0-301F-11D3-BF4B-00C04F79EFBC}") = "AMS.DataTransfer", "AMS.DataTransfer\AMS.DataTransfer.csproj", "{4C5E5E86-1EE0-4046-8E6E-4D489E43922A}"
EndProject
Project("{FAE04EC0-301F-11D3-BF4B-00C04F79EFBC}") = "AMS.ServiceHost", "AMS.ServiceHost\AMS.ServiceHost.csproj", "{251EBFC9-C538-4B8C-80FE-E9D8DC947D69}"
EndProject
Project("{FAE04EC0-301F-11D3-BF4B-00C04F79EFBC}") = "IService", "IService\IService.csproj", "{2F8165A3-5F0A-4516-8185-15A1A9708E00}"
EndProject
Project("{FAE04EC0-301F-11D3-BF4B-00C04F79EFBC}") = "SeatManage.WcfHost", "SeatManage.IWcfHost\SeatManage.WcfHost.csproj", "{B19DFC9D-A076-4D96-98A2-20330E6C4985}"
EndProject
Project("{FAE04EC0-301F-11D3-BF4B-00C04F79EFBC}") = "SeatManage.MobileAppServiceV2", "SeatManage.MobileAppServiceV2\SeatManage.MobileAppServiceV2.csproj", "{FD8F017E-FAEE-41F0-8839-49BA89A56B3D}"
EndProject
Project("{FAE04EC0-301F-11D3-BF4B-00C04F79EFBC}") = "SeatService.MonitorService", "SeatManage.MonitorService\SeatService.MonitorService.csproj", "{3BB2A578-FB0C-4F13-837C-52B437129A4B}"
EndProject
Project("{FAE04EC0-301F-11D3-BF4B-00C04F79EFBC}") = "SeatManageComm", "SeatManageComm\SeatManageComm.csproj", "{19063808-3340-4563-8B40-573D8DD0BABA}"
EndProject
Project("{FAE04EC0-301F-11D3-BF4B-00C04F79EFBC}") = "SeatService.StatisticsService", "SeatService.StatisticsService\SeatService.StatisticsService.csproj", "{9B7CC233-278E-49AC-8B2F-886B0CE626F6}"
EndProject
Project("{FAE04EC0-301F-11D3-BF4B-00C04F79EFBC}") = "SeatService.SyncService", "SeatService.SyncService\SeatService.SyncService.csproj", "{B95D10BD-29F2-4DEE-96A7-497A8A2D4C0F}"
EndProject
Project("{FAE04EC0-301F-11D3-BF4B-00C04F79EFBC}") = "WcfServiceForSeatManage", "WcfServiceForSeatManage\WcfServiceForSeatManage.csproj", "{68EC8640-3DB5-47CC-B393-F63E608AFCFB}"
EndProject
Project("{FAE04EC0-301F-11D3-BF4B-00C04F79EFBC}") = "EnumType", "EnumType\EnumType.csproj", "{3E7C2198-F6B3-4FAE-8EBF-2271E752DFF3}"
EndProject
Project("{FAE04EC0-301F-11D3-BF4B-00C04F79EFBC}") = "IWCFService", "IWCFService\IWCFService.csproj", "{F7C44CB4-96BD-4B90-BC1A-A4313D362FE9}"
EndProject
Project("{FAE04EC0-301F-11D3-BF4B-00C04F79EFBC}") = "SeatManageClassModel", "SeatManageClassModel\SeatManageClassModel.csproj", "{E90FBBAD-98DA-4A34-B620-26DA9ADDDF85}"
EndProject
Project("{FAE04EC0-301F-11D3-BF4B-00C04F79EFBC}") = "AuthorizeVerify", "AuthorizeVerify\AuthorizeVerify.csproj", "{7CEE58EC-8892-40D3-8DC3-4231054851D3}"
EndProject
Project("{FAE04EC0-301F-11D3-BF4B-00C04F79EFBC}") = "SeatManage.DAL", "SeatManage.DAL\SeatManage.DAL.csproj", "{BFCC0DB7-FAB5-4313-88B9-1C91EA09770B}"
EndProject
Project("{FAE04EC0-301F-11D3-BF4B-00C04F79EFBC}") = "DBUtility", "DBUtility\DBUtility.csproj", "{E36B0E11-7FC9-4224-850F-E10CB57FB284}"
EndProject
Project("{FAE04EC0-301F-11D3-BF4B-00C04F79EFBC}") = "SeatManage.ISystemTerminal", "SeatManage.ISystemTerminal\SeatManage.ISystemTerminal.csproj", "{A8DC4589-E484-475E-A2BB-B1D264424F05}"
EndProject
Project("{FAE04EC0-301F-11D3-BF4B-00C04F79EFBC}") = "SeatManage.WcfAccessProxy", "SeatManage.WcfAccessProxy\SeatManage.WcfAccessProxy.csproj", "{E64D1E5D-7078-48A9-83EF-833C3D282F5D}"
EndProject
Project("{FAE04EC0-301F-11D3-BF4B-00C04F79EFBC}") = "IWCFService.TransportService", "IWCFService.TransportService\IWCFService.TransportService.csproj", "{19B2BF43-EB86-450B-80C5-9BE4ADFA5420}"
EndProject
Project("{FAE04EC0-301F-11D3-BF4B-00C04F79EFBC}") = "SocketLib", "SocketLib\SocketLib.csproj", "{B931780F-450B-4A94-AFA7-3D71292D8734}"
EndProject
Project("{FAE04EC0-301F-11D3-BF4B-00C04F79EFBC}") = "SocketMsgData", "SocketMsgData\SocketMsgData.csproj", "{36DF0AE9-6B7C-4B88-8B93-77F87C8D880D}"
EndProject
Project("{FAE04EC0-301F-11D3-BF4B-00C04F79EFBC}") = "SeatManage.InterfaceFactory", "InterfaceFactory\SeatManage.InterfaceFactory.csproj", "{FAF7C3DC-E2A6-482B-989E-735BE18517BA}"
EndProject
Project("{FAE04EC0-301F-11D3-BF4B-00C04F79EFBC}") = "AMS.Model", "AMS.Model\AMS.Model.csproj", "{E523D887-004C-41D9-B9A3-6FC088C9CF92}"
EndProject
Project("{FAE04EC0-301F-11D3-BF4B-00C04F79EFBC}") = "AMS.ServiceProxy", "AMS.ServiceProxy\AMS.ServiceProxy.csproj", "{E7CDB80D-0EF6-47E6-954C-579D355A3B26}"
EndProject
Project("{FAE04EC0-301F-11D3-BF4B-00C04F79EFBC}") = "SeatManage.Bll", "SeatClientBll\SeatManage.Bll.csproj", "{D8187F61-BDC9-431F-975F-C58D9C897412}"
EndProject
Project("{FAE04EC0-301F-11D3-BF4B-00C04F79EFBC}") = "SeatManage.BllV2", "SeatManage.BLL\SeatManage.BllV2.csproj", "{82DDB168-DDE2-4A20-A4C2-801B0E3F7172}"
EndProject
Project("{FAE04EC0-301F-11D3-BF4B-00C04F79EFBC}") = "AMS.IBllService", "AMS.IBllService\AMS.IBllService.csproj", "{B0CF0C3C-DA9A-4BC0-82EB-24277A1AF8C9}"
EndProject
Project("{FAE04EC0-301F-11D3-BF4B-00C04F79EFBC}") = "AMS.ServiceConnectChannel", "AMS.ServiceConnectChannel\AMS.ServiceConnectChannel.csproj", "{01550895-8DB9-406F-AB0A-DEF7127C8E53}"
EndProject
Project("{FAE04EC0-301F-11D3-BF4B-00C04F79EFBC}") = "SeatManage.AppServiceHelper", "SeatManage.AppServiceHelper\SeatManage.AppServiceHelper.csproj", "{69D4FBAC-378A-43CE-A909-A7872E1F4462}"
EndProject
Project("{FAE04EC0-301F-11D3-BF4B-00C04F79EFBC}") = "SeatManage.AppJsonModel", "SeatManage.AppJsonModel\SeatManage.AppJsonModel.csproj", "{F8977C05-3E7E-4B1E-991A-C9761CCDE9F4}"
EndProject
Project("{FAE04EC0-301F-11D3-BF4B-00C04F79EFBC}") = "WcfServiceForTransportService", "WcfServiceForTransportService\WcfServiceForTransportService.csproj", "{D9345B2F-BC00-4797-894C-553F15FD2DB5}"
EndProject
Project("{FAE04EC0-301F-11D3-BF4B-00C04F79EFBC}") = "SeatManage.IWeChatWcfService", "SeatManage.IWeChatWcfService\SeatManage.IWeChatWcfService.csproj", "{36CC90DD-8F5C-4B40-885C-DFD76CC8BFB4}"
EndProject
Project("{FAE04EC0-301F-11D3-BF4B-00C04F79EFBC}") = "SeatManage.WeChatWcfService", "SeatManage.WeChatWcfService\SeatManage.WeChatWcfService.csproj", "{16033F78-99CE-400C-A3F6-80BCC43566E8}"
EndProject
Project("{FAE04EC0-301F-11D3-BF4B-00C04F79EFBC}") = "CW.SchoolServiceManager", "CW.SchoolServiceManager\CW.SchoolServiceManager.csproj", "{6392A410-854E-4DCF-A5F4-0207A4970916}"
EndProject
Global
	GlobalSection(SolutionConfigurationPlatforms) = preSolution
		Debug|Any CPU = Debug|Any CPU
		Debug|x86 = Debug|x86
		Release|Any CPU = Release|Any CPU
		Release|x86 = Release|x86
	EndGlobalSection
	GlobalSection(ProjectConfigurationPlatforms) = postSolution
		{0F2986FC-8B63-49A9-B847-FD0B22C5CAC7}.Debug|Any CPU.ActiveCfg = Debug|x86
		{0F2986FC-8B63-49A9-B847-FD0B22C5CAC7}.Debug|x86.ActiveCfg = Debug|x86
		{0F2986FC-8B63-49A9-B847-FD0B22C5CAC7}.Debug|x86.Build.0 = Debug|x86
		{0F2986FC-8B63-49A9-B847-FD0B22C5CAC7}.Release|Any CPU.ActiveCfg = Release|x86
		{0F2986FC-8B63-49A9-B847-FD0B22C5CAC7}.Release|x86.ActiveCfg = Release|x86
		{0F2986FC-8B63-49A9-B847-FD0B22C5CAC7}.Release|x86.Build.0 = Release|x86
		{4C5E5E86-1EE0-4046-8E6E-4D489E43922A}.Debug|Any CPU.ActiveCfg = Debug|Any CPU
		{4C5E5E86-1EE0-4046-8E6E-4D489E43922A}.Debug|Any CPU.Build.0 = Debug|Any CPU
		{4C5E5E86-1EE0-4046-8E6E-4D489E43922A}.Debug|x86.ActiveCfg = Debug|x86
		{4C5E5E86-1EE0-4046-8E6E-4D489E43922A}.Debug|x86.Build.0 = Debug|x86
		{4C5E5E86-1EE0-4046-8E6E-4D489E43922A}.Release|Any CPU.ActiveCfg = Release|Any CPU
		{4C5E5E86-1EE0-4046-8E6E-4D489E43922A}.Release|Any CPU.Build.0 = Release|Any CPU
		{4C5E5E86-1EE0-4046-8E6E-4D489E43922A}.Release|x86.ActiveCfg = Release|x86
		{4C5E5E86-1EE0-4046-8E6E-4D489E43922A}.Release|x86.Build.0 = Release|x86
		{251EBFC9-C538-4B8C-80FE-E9D8DC947D69}.Debug|Any CPU.ActiveCfg = Debug|x86
		{251EBFC9-C538-4B8C-80FE-E9D8DC947D69}.Debug|x86.ActiveCfg = Debug|x86
		{251EBFC9-C538-4B8C-80FE-E9D8DC947D69}.Debug|x86.Build.0 = Debug|x86
		{251EBFC9-C538-4B8C-80FE-E9D8DC947D69}.Release|Any CPU.ActiveCfg = Release|x86
		{251EBFC9-C538-4B8C-80FE-E9D8DC947D69}.Release|x86.ActiveCfg = Release|x86
		{251EBFC9-C538-4B8C-80FE-E9D8DC947D69}.Release|x86.Build.0 = Release|x86
		{2F8165A3-5F0A-4516-8185-15A1A9708E00}.Debug|Any CPU.ActiveCfg = Debug|Any CPU
		{2F8165A3-5F0A-4516-8185-15A1A9708E00}.Debug|Any CPU.Build.0 = Debug|Any CPU
		{2F8165A3-5F0A-4516-8185-15A1A9708E00}.Debug|x86.ActiveCfg = Debug|x86
		{2F8165A3-5F0A-4516-8185-15A1A9708E00}.Debug|x86.Build.0 = Debug|x86
		{2F8165A3-5F0A-4516-8185-15A1A9708E00}.Release|Any CPU.ActiveCfg = Release|Any CPU
		{2F8165A3-5F0A-4516-8185-15A1A9708E00}.Release|Any CPU.Build.0 = Release|Any CPU
		{2F8165A3-5F0A-4516-8185-15A1A9708E00}.Release|x86.ActiveCfg = Release|x86
		{2F8165A3-5F0A-4516-8185-15A1A9708E00}.Release|x86.Build.0 = Release|x86
		{B19DFC9D-A076-4D96-98A2-20330E6C4985}.Debug|Any CPU.ActiveCfg = Debug|Any CPU
		{B19DFC9D-A076-4D96-98A2-20330E6C4985}.Debug|Any CPU.Build.0 = Debug|Any CPU
		{B19DFC9D-A076-4D96-98A2-20330E6C4985}.Debug|x86.ActiveCfg = Debug|x86
		{B19DFC9D-A076-4D96-98A2-20330E6C4985}.Debug|x86.Build.0 = Debug|x86
		{B19DFC9D-A076-4D96-98A2-20330E6C4985}.Release|Any CPU.ActiveCfg = Release|Any CPU
		{B19DFC9D-A076-4D96-98A2-20330E6C4985}.Release|Any CPU.Build.0 = Release|Any CPU
		{B19DFC9D-A076-4D96-98A2-20330E6C4985}.Release|x86.ActiveCfg = Release|x86
		{B19DFC9D-A076-4D96-98A2-20330E6C4985}.Release|x86.Build.0 = Release|x86
		{FD8F017E-FAEE-41F0-8839-49BA89A56B3D}.Debug|Any CPU.ActiveCfg = Debug|Any CPU
		{FD8F017E-FAEE-41F0-8839-49BA89A56B3D}.Debug|Any CPU.Build.0 = Debug|Any CPU
		{FD8F017E-FAEE-41F0-8839-49BA89A56B3D}.Debug|x86.ActiveCfg = Debug|Any CPU
		{FD8F017E-FAEE-41F0-8839-49BA89A56B3D}.Debug|x86.Build.0 = Debug|Any CPU
		{FD8F017E-FAEE-41F0-8839-49BA89A56B3D}.Release|Any CPU.ActiveCfg = Release|Any CPU
		{FD8F017E-FAEE-41F0-8839-49BA89A56B3D}.Release|Any CPU.Build.0 = Release|Any CPU
		{FD8F017E-FAEE-41F0-8839-49BA89A56B3D}.Release|x86.ActiveCfg = Release|Any CPU
		{FD8F017E-FAEE-41F0-8839-49BA89A56B3D}.Release|x86.Build.0 = Release|Any CPU
		{3BB2A578-FB0C-4F13-837C-52B437129A4B}.Debug|Any CPU.ActiveCfg = Debug|Any CPU
		{3BB2A578-FB0C-4F13-837C-52B437129A4B}.Debug|Any CPU.Build.0 = Debug|Any CPU
		{3BB2A578-FB0C-4F13-837C-52B437129A4B}.Debug|x86.ActiveCfg = Debug|Any CPU
		{3BB2A578-FB0C-4F13-837C-52B437129A4B}.Debug|x86.Build.0 = Debug|Any CPU
		{3BB2A578-FB0C-4F13-837C-52B437129A4B}.Release|Any CPU.ActiveCfg = Release|Any CPU
		{3BB2A578-FB0C-4F13-837C-52B437129A4B}.Release|Any CPU.Build.0 = Release|Any CPU
		{3BB2A578-FB0C-4F13-837C-52B437129A4B}.Release|x86.ActiveCfg = Release|Any CPU
		{3BB2A578-FB0C-4F13-837C-52B437129A4B}.Release|x86.Build.0 = Release|Any CPU
		{19063808-3340-4563-8B40-573D8DD0BABA}.Debug|Any CPU.ActiveCfg = Debug|Any CPU
		{19063808-3340-4563-8B40-573D8DD0BABA}.Debug|Any CPU.Build.0 = Debug|Any CPU
		{19063808-3340-4563-8B40-573D8DD0BABA}.Debug|x86.ActiveCfg = Debug|x86
		{19063808-3340-4563-8B40-573D8DD0BABA}.Debug|x86.Build.0 = Debug|x86
		{19063808-3340-4563-8B40-573D8DD0BABA}.Release|Any CPU.ActiveCfg = Release|Any CPU
		{19063808-3340-4563-8B40-573D8DD0BABA}.Release|Any CPU.Build.0 = Release|Any CPU
		{19063808-3340-4563-8B40-573D8DD0BABA}.Release|x86.ActiveCfg = Release|x86
		{19063808-3340-4563-8B40-573D8DD0BABA}.Release|x86.Build.0 = Release|x86
		{9B7CC233-278E-49AC-8B2F-886B0CE626F6}.Debug|Any CPU.ActiveCfg = Debug|Any CPU
		{9B7CC233-278E-49AC-8B2F-886B0CE626F6}.Debug|Any CPU.Build.0 = Debug|Any CPU
		{9B7CC233-278E-49AC-8B2F-886B0CE626F6}.Debug|x86.ActiveCfg = Debug|Any CPU
		{9B7CC233-278E-49AC-8B2F-886B0CE626F6}.Debug|x86.Build.0 = Debug|Any CPU
		{9B7CC233-278E-49AC-8B2F-886B0CE626F6}.Release|Any CPU.ActiveCfg = Release|Any CPU
		{9B7CC233-278E-49AC-8B2F-886B0CE626F6}.Release|Any CPU.Build.0 = Release|Any CPU
		{9B7CC233-278E-49AC-8B2F-886B0CE626F6}.Release|x86.ActiveCfg = Release|Any CPU
		{9B7CC233-278E-49AC-8B2F-886B0CE626F6}.Release|x86.Build.0 = Release|Any CPU
		{B95D10BD-29F2-4DEE-96A7-497A8A2D4C0F}.Debug|Any CPU.ActiveCfg = Debug|Any CPU
		{B95D10BD-29F2-4DEE-96A7-497A8A2D4C0F}.Debug|Any CPU.Build.0 = Debug|Any CPU
		{B95D10BD-29F2-4DEE-96A7-497A8A2D4C0F}.Debug|x86.ActiveCfg = Debug|Any CPU
		{B95D10BD-29F2-4DEE-96A7-497A8A2D4C0F}.Debug|x86.Build.0 = Debug|Any CPU
		{B95D10BD-29F2-4DEE-96A7-497A8A2D4C0F}.Release|Any CPU.ActiveCfg = Release|Any CPU
		{B95D10BD-29F2-4DEE-96A7-497A8A2D4C0F}.Release|Any CPU.Build.0 = Release|Any CPU
		{B95D10BD-29F2-4DEE-96A7-497A8A2D4C0F}.Release|x86.ActiveCfg = Release|Any CPU
		{B95D10BD-29F2-4DEE-96A7-497A8A2D4C0F}.Release|x86.Build.0 = Release|Any CPU
		{68EC8640-3DB5-47CC-B393-F63E608AFCFB}.Debug|Any CPU.ActiveCfg = Debug|Any CPU
		{68EC8640-3DB5-47CC-B393-F63E608AFCFB}.Debug|Any CPU.Build.0 = Debug|Any CPU
		{68EC8640-3DB5-47CC-B393-F63E608AFCFB}.Debug|x86.ActiveCfg = Debug|x86
		{68EC8640-3DB5-47CC-B393-F63E608AFCFB}.Debug|x86.Build.0 = Debug|x86
		{68EC8640-3DB5-47CC-B393-F63E608AFCFB}.Release|Any CPU.ActiveCfg = Release|Any CPU
		{68EC8640-3DB5-47CC-B393-F63E608AFCFB}.Release|Any CPU.Build.0 = Release|Any CPU
		{68EC8640-3DB5-47CC-B393-F63E608AFCFB}.Release|x86.ActiveCfg = Release|x86
		{68EC8640-3DB5-47CC-B393-F63E608AFCFB}.Release|x86.Build.0 = Release|x86
		{3E7C2198-F6B3-4FAE-8EBF-2271E752DFF3}.Debug|Any CPU.ActiveCfg = Debug|Any CPU
		{3E7C2198-F6B3-4FAE-8EBF-2271E752DFF3}.Debug|Any CPU.Build.0 = Debug|Any CPU
		{3E7C2198-F6B3-4FAE-8EBF-2271E752DFF3}.Debug|x86.ActiveCfg = Debug|x86
		{3E7C2198-F6B3-4FAE-8EBF-2271E752DFF3}.Debug|x86.Build.0 = Debug|x86
		{3E7C2198-F6B3-4FAE-8EBF-2271E752DFF3}.Release|Any CPU.ActiveCfg = Release|Any CPU
		{3E7C2198-F6B3-4FAE-8EBF-2271E752DFF3}.Release|Any CPU.Build.0 = Release|Any CPU
		{3E7C2198-F6B3-4FAE-8EBF-2271E752DFF3}.Release|x86.ActiveCfg = Release|x86
		{3E7C2198-F6B3-4FAE-8EBF-2271E752DFF3}.Release|x86.Build.0 = Release|x86
		{F7C44CB4-96BD-4B90-BC1A-A4313D362FE9}.Debug|Any CPU.ActiveCfg = Debug|Any CPU
		{F7C44CB4-96BD-4B90-BC1A-A4313D362FE9}.Debug|Any CPU.Build.0 = Debug|Any CPU
		{F7C44CB4-96BD-4B90-BC1A-A4313D362FE9}.Debug|x86.ActiveCfg = Debug|x86
		{F7C44CB4-96BD-4B90-BC1A-A4313D362FE9}.Debug|x86.Build.0 = Debug|x86
		{F7C44CB4-96BD-4B90-BC1A-A4313D362FE9}.Release|Any CPU.ActiveCfg = Release|Any CPU
		{F7C44CB4-96BD-4B90-BC1A-A4313D362FE9}.Release|Any CPU.Build.0 = Release|Any CPU
		{F7C44CB4-96BD-4B90-BC1A-A4313D362FE9}.Release|x86.ActiveCfg = Release|x86
		{F7C44CB4-96BD-4B90-BC1A-A4313D362FE9}.Release|x86.Build.0 = Release|x86
		{E90FBBAD-98DA-4A34-B620-26DA9ADDDF85}.Debug|Any CPU.ActiveCfg = Debug|Any CPU
		{E90FBBAD-98DA-4A34-B620-26DA9ADDDF85}.Debug|Any CPU.Build.0 = Debug|Any CPU
		{E90FBBAD-98DA-4A34-B620-26DA9ADDDF85}.Debug|x86.ActiveCfg = Debug|x86
		{E90FBBAD-98DA-4A34-B620-26DA9ADDDF85}.Debug|x86.Build.0 = Debug|x86
		{E90FBBAD-98DA-4A34-B620-26DA9ADDDF85}.Release|Any CPU.ActiveCfg = Release|Any CPU
		{E90FBBAD-98DA-4A34-B620-26DA9ADDDF85}.Release|Any CPU.Build.0 = Release|Any CPU
		{E90FBBAD-98DA-4A34-B620-26DA9ADDDF85}.Release|x86.ActiveCfg = Release|x86
		{E90FBBAD-98DA-4A34-B620-26DA9ADDDF85}.Release|x86.Build.0 = Release|x86
		{7CEE58EC-8892-40D3-8DC3-4231054851D3}.Debug|Any CPU.ActiveCfg = Debug|Any CPU
		{7CEE58EC-8892-40D3-8DC3-4231054851D3}.Debug|Any CPU.Build.0 = Debug|Any CPU
		{7CEE58EC-8892-40D3-8DC3-4231054851D3}.Debug|x86.ActiveCfg = Debug|x86
		{7CEE58EC-8892-40D3-8DC3-4231054851D3}.Debug|x86.Build.0 = Debug|x86
		{7CEE58EC-8892-40D3-8DC3-4231054851D3}.Release|Any CPU.ActiveCfg = Release|Any CPU
		{7CEE58EC-8892-40D3-8DC3-4231054851D3}.Release|Any CPU.Build.0 = Release|Any CPU
		{7CEE58EC-8892-40D3-8DC3-4231054851D3}.Release|x86.ActiveCfg = Release|x86
		{7CEE58EC-8892-40D3-8DC3-4231054851D3}.Release|x86.Build.0 = Release|x86
		{BFCC0DB7-FAB5-4313-88B9-1C91EA09770B}.Debug|Any CPU.ActiveCfg = Debug|Any CPU
		{BFCC0DB7-FAB5-4313-88B9-1C91EA09770B}.Debug|Any CPU.Build.0 = Debug|Any CPU
		{BFCC0DB7-FAB5-4313-88B9-1C91EA09770B}.Debug|x86.ActiveCfg = Debug|x86
		{BFCC0DB7-FAB5-4313-88B9-1C91EA09770B}.Debug|x86.Build.0 = Debug|x86
		{BFCC0DB7-FAB5-4313-88B9-1C91EA09770B}.Release|Any CPU.ActiveCfg = Release|Any CPU
		{BFCC0DB7-FAB5-4313-88B9-1C91EA09770B}.Release|Any CPU.Build.0 = Release|Any CPU
		{BFCC0DB7-FAB5-4313-88B9-1C91EA09770B}.Release|x86.ActiveCfg = Release|x86
		{BFCC0DB7-FAB5-4313-88B9-1C91EA09770B}.Release|x86.Build.0 = Release|x86
		{E36B0E11-7FC9-4224-850F-E10CB57FB284}.Debug|Any CPU.ActiveCfg = Debug|Any CPU
		{E36B0E11-7FC9-4224-850F-E10CB57FB284}.Debug|Any CPU.Build.0 = Debug|Any CPU
		{E36B0E11-7FC9-4224-850F-E10CB57FB284}.Debug|x86.ActiveCfg = Debug|x86
		{E36B0E11-7FC9-4224-850F-E10CB57FB284}.Debug|x86.Build.0 = Debug|x86
		{E36B0E11-7FC9-4224-850F-E10CB57FB284}.Release|Any CPU.ActiveCfg = Release|Any CPU
		{E36B0E11-7FC9-4224-850F-E10CB57FB284}.Release|Any CPU.Build.0 = Release|Any CPU
		{E36B0E11-7FC9-4224-850F-E10CB57FB284}.Release|x86.ActiveCfg = Release|x86
		{E36B0E11-7FC9-4224-850F-E10CB57FB284}.Release|x86.Build.0 = Release|x86
		{A8DC4589-E484-475E-A2BB-B1D264424F05}.Debug|Any CPU.ActiveCfg = Debug|Any CPU
		{A8DC4589-E484-475E-A2BB-B1D264424F05}.Debug|Any CPU.Build.0 = Debug|Any CPU
		{A8DC4589-E484-475E-A2BB-B1D264424F05}.Debug|x86.ActiveCfg = Debug|x86
		{A8DC4589-E484-475E-A2BB-B1D264424F05}.Debug|x86.Build.0 = Debug|x86
		{A8DC4589-E484-475E-A2BB-B1D264424F05}.Release|Any CPU.ActiveCfg = Release|Any CPU
		{A8DC4589-E484-475E-A2BB-B1D264424F05}.Release|Any CPU.Build.0 = Release|Any CPU
		{A8DC4589-E484-475E-A2BB-B1D264424F05}.Release|x86.ActiveCfg = Release|x86
		{A8DC4589-E484-475E-A2BB-B1D264424F05}.Release|x86.Build.0 = Release|x86
		{E64D1E5D-7078-48A9-83EF-833C3D282F5D}.Debug|Any CPU.ActiveCfg = Debug|Any CPU
		{E64D1E5D-7078-48A9-83EF-833C3D282F5D}.Debug|Any CPU.Build.0 = Debug|Any CPU
		{E64D1E5D-7078-48A9-83EF-833C3D282F5D}.Debug|x86.ActiveCfg = Debug|x86
		{E64D1E5D-7078-48A9-83EF-833C3D282F5D}.Debug|x86.Build.0 = Debug|x86
		{E64D1E5D-7078-48A9-83EF-833C3D282F5D}.Release|Any CPU.ActiveCfg = Release|Any CPU
		{E64D1E5D-7078-48A9-83EF-833C3D282F5D}.Release|Any CPU.Build.0 = Release|Any CPU
		{E64D1E5D-7078-48A9-83EF-833C3D282F5D}.Release|x86.ActiveCfg = Release|x86
		{E64D1E5D-7078-48A9-83EF-833C3D282F5D}.Release|x86.Build.0 = Release|x86
		{19B2BF43-EB86-450B-80C5-9BE4ADFA5420}.Debug|Any CPU.ActiveCfg = Debug|Any CPU
		{19B2BF43-EB86-450B-80C5-9BE4ADFA5420}.Debug|Any CPU.Build.0 = Debug|Any CPU
		{19B2BF43-EB86-450B-80C5-9BE4ADFA5420}.Debug|x86.ActiveCfg = Debug|x86
		{19B2BF43-EB86-450B-80C5-9BE4ADFA5420}.Debug|x86.Build.0 = Debug|x86
		{19B2BF43-EB86-450B-80C5-9BE4ADFA5420}.Release|Any CPU.ActiveCfg = Release|Any CPU
		{19B2BF43-EB86-450B-80C5-9BE4ADFA5420}.Release|Any CPU.Build.0 = Release|Any CPU
		{19B2BF43-EB86-450B-80C5-9BE4ADFA5420}.Release|x86.ActiveCfg = Release|x86
		{19B2BF43-EB86-450B-80C5-9BE4ADFA5420}.Release|x86.Build.0 = Release|x86
		{B931780F-450B-4A94-AFA7-3D71292D8734}.Debug|Any CPU.ActiveCfg = Debug|Any CPU
		{B931780F-450B-4A94-AFA7-3D71292D8734}.Debug|Any CPU.Build.0 = Debug|Any CPU
		{B931780F-450B-4A94-AFA7-3D71292D8734}.Debug|x86.ActiveCfg = Debug|x86
		{B931780F-450B-4A94-AFA7-3D71292D8734}.Debug|x86.Build.0 = Debug|x86
		{B931780F-450B-4A94-AFA7-3D71292D8734}.Release|Any CPU.ActiveCfg = Release|Any CPU
		{B931780F-450B-4A94-AFA7-3D71292D8734}.Release|Any CPU.Build.0 = Release|Any CPU
		{B931780F-450B-4A94-AFA7-3D71292D8734}.Release|x86.ActiveCfg = Release|x86
		{B931780F-450B-4A94-AFA7-3D71292D8734}.Release|x86.Build.0 = Release|x86
		{36DF0AE9-6B7C-4B88-8B93-77F87C8D880D}.Debug|Any CPU.ActiveCfg = Debug|Any CPU
		{36DF0AE9-6B7C-4B88-8B93-77F87C8D880D}.Debug|Any CPU.Build.0 = Debug|Any CPU
		{36DF0AE9-6B7C-4B88-8B93-77F87C8D880D}.Debug|x86.ActiveCfg = Debug|x86
		{36DF0AE9-6B7C-4B88-8B93-77F87C8D880D}.Debug|x86.Build.0 = Debug|x86
		{36DF0AE9-6B7C-4B88-8B93-77F87C8D880D}.Release|Any CPU.ActiveCfg = Release|Any CPU
		{36DF0AE9-6B7C-4B88-8B93-77F87C8D880D}.Release|Any CPU.Build.0 = Release|Any CPU
		{36DF0AE9-6B7C-4B88-8B93-77F87C8D880D}.Release|x86.ActiveCfg = Release|x86
		{36DF0AE9-6B7C-4B88-8B93-77F87C8D880D}.Release|x86.Build.0 = Release|x86
		{FAF7C3DC-E2A6-482B-989E-735BE18517BA}.Debug|Any CPU.ActiveCfg = Debug|Any CPU
		{FAF7C3DC-E2A6-482B-989E-735BE18517BA}.Debug|Any CPU.Build.0 = Debug|Any CPU
		{FAF7C3DC-E2A6-482B-989E-735BE18517BA}.Debug|x86.ActiveCfg = Debug|x86
		{FAF7C3DC-E2A6-482B-989E-735BE18517BA}.Debug|x86.Build.0 = Debug|x86
		{FAF7C3DC-E2A6-482B-989E-735BE18517BA}.Release|Any CPU.ActiveCfg = Release|Any CPU
		{FAF7C3DC-E2A6-482B-989E-735BE18517BA}.Release|Any CPU.Build.0 = Release|Any CPU
		{FAF7C3DC-E2A6-482B-989E-735BE18517BA}.Release|x86.ActiveCfg = Release|x86
		{FAF7C3DC-E2A6-482B-989E-735BE18517BA}.Release|x86.Build.0 = Release|x86
		{E523D887-004C-41D9-B9A3-6FC088C9CF92}.Debug|Any CPU.ActiveCfg = Debug|Any CPU
		{E523D887-004C-41D9-B9A3-6FC088C9CF92}.Debug|Any CPU.Build.0 = Debug|Any CPU
		{E523D887-004C-41D9-B9A3-6FC088C9CF92}.Debug|x86.ActiveCfg = Debug|x86
		{E523D887-004C-41D9-B9A3-6FC088C9CF92}.Debug|x86.Build.0 = Debug|x86
		{E523D887-004C-41D9-B9A3-6FC088C9CF92}.Release|Any CPU.ActiveCfg = Release|Any CPU
		{E523D887-004C-41D9-B9A3-6FC088C9CF92}.Release|Any CPU.Build.0 = Release|Any CPU
		{E523D887-004C-41D9-B9A3-6FC088C9CF92}.Release|x86.ActiveCfg = Release|x86
		{E523D887-004C-41D9-B9A3-6FC088C9CF92}.Release|x86.Build.0 = Release|x86
		{E7CDB80D-0EF6-47E6-954C-579D355A3B26}.Debug|Any CPU.ActiveCfg = Debug|Any CPU
		{E7CDB80D-0EF6-47E6-954C-579D355A3B26}.Debug|Any CPU.Build.0 = Debug|Any CPU
		{E7CDB80D-0EF6-47E6-954C-579D355A3B26}.Debug|x86.ActiveCfg = Debug|x86
		{E7CDB80D-0EF6-47E6-954C-579D355A3B26}.Debug|x86.Build.0 = Debug|x86
		{E7CDB80D-0EF6-47E6-954C-579D355A3B26}.Release|Any CPU.ActiveCfg = Release|Any CPU
		{E7CDB80D-0EF6-47E6-954C-579D355A3B26}.Release|Any CPU.Build.0 = Release|Any CPU
		{E7CDB80D-0EF6-47E6-954C-579D355A3B26}.Release|x86.ActiveCfg = Release|x86
		{E7CDB80D-0EF6-47E6-954C-579D355A3B26}.Release|x86.Build.0 = Release|x86
		{D8187F61-BDC9-431F-975F-C58D9C897412}.Debug|Any CPU.ActiveCfg = Debug|Any CPU
		{D8187F61-BDC9-431F-975F-C58D9C897412}.Debug|Any CPU.Build.0 = Debug|Any CPU
		{D8187F61-BDC9-431F-975F-C58D9C897412}.Debug|x86.ActiveCfg = Debug|x86
		{D8187F61-BDC9-431F-975F-C58D9C897412}.Debug|x86.Build.0 = Debug|x86
		{D8187F61-BDC9-431F-975F-C58D9C897412}.Release|Any CPU.ActiveCfg = Release|Any CPU
		{D8187F61-BDC9-431F-975F-C58D9C897412}.Release|Any CPU.Build.0 = Release|Any CPU
		{D8187F61-BDC9-431F-975F-C58D9C897412}.Release|x86.ActiveCfg = Release|x86
		{D8187F61-BDC9-431F-975F-C58D9C897412}.Release|x86.Build.0 = Release|x86
		{82DDB168-DDE2-4A20-A4C2-801B0E3F7172}.Debug|Any CPU.ActiveCfg = Debug|Any CPU
		{82DDB168-DDE2-4A20-A4C2-801B0E3F7172}.Debug|Any CPU.Build.0 = Debug|Any CPU
		{82DDB168-DDE2-4A20-A4C2-801B0E3F7172}.Debug|x86.ActiveCfg = Debug|x86
		{82DDB168-DDE2-4A20-A4C2-801B0E3F7172}.Debug|x86.Build.0 = Debug|x86
		{82DDB168-DDE2-4A20-A4C2-801B0E3F7172}.Release|Any CPU.ActiveCfg = Release|Any CPU
		{82DDB168-DDE2-4A20-A4C2-801B0E3F7172}.Release|Any CPU.Build.0 = Release|Any CPU
		{82DDB168-DDE2-4A20-A4C2-801B0E3F7172}.Release|x86.ActiveCfg = Release|x86
		{82DDB168-DDE2-4A20-A4C2-801B0E3F7172}.Release|x86.Build.0 = Release|x86
		{B0CF0C3C-DA9A-4BC0-82EB-24277A1AF8C9}.Debug|Any CPU.ActiveCfg = Debug|Any CPU
		{B0CF0C3C-DA9A-4BC0-82EB-24277A1AF8C9}.Debug|Any CPU.Build.0 = Debug|Any CPU
		{B0CF0C3C-DA9A-4BC0-82EB-24277A1AF8C9}.Debug|x86.ActiveCfg = Debug|x86
		{B0CF0C3C-DA9A-4BC0-82EB-24277A1AF8C9}.Debug|x86.Build.0 = Debug|x86
		{B0CF0C3C-DA9A-4BC0-82EB-24277A1AF8C9}.Release|Any CPU.ActiveCfg = Release|Any CPU
		{B0CF0C3C-DA9A-4BC0-82EB-24277A1AF8C9}.Release|Any CPU.Build.0 = Release|Any CPU
		{B0CF0C3C-DA9A-4BC0-82EB-24277A1AF8C9}.Release|x86.ActiveCfg = Release|x86
		{B0CF0C3C-DA9A-4BC0-82EB-24277A1AF8C9}.Release|x86.Build.0 = Release|x86
		{01550895-8DB9-406F-AB0A-DEF7127C8E53}.Debug|Any CPU.ActiveCfg = Debug|Any CPU
		{01550895-8DB9-406F-AB0A-DEF7127C8E53}.Debug|Any CPU.Build.0 = Debug|Any CPU
		{01550895-8DB9-406F-AB0A-DEF7127C8E53}.Debug|x86.ActiveCfg = Debug|x86
		{01550895-8DB9-406F-AB0A-DEF7127C8E53}.Debug|x86.Build.0 = Debug|x86
		{01550895-8DB9-406F-AB0A-DEF7127C8E53}.Release|Any CPU.ActiveCfg = Release|Any CPU
		{01550895-8DB9-406F-AB0A-DEF7127C8E53}.Release|Any CPU.Build.0 = Release|Any CPU
		{01550895-8DB9-406F-AB0A-DEF7127C8E53}.Release|x86.ActiveCfg = Release|x86
		{01550895-8DB9-406F-AB0A-DEF7127C8E53}.Release|x86.Build.0 = Release|x86
		{69D4FBAC-378A-43CE-A909-A7872E1F4462}.Debug|Any CPU.ActiveCfg = Debug|Any CPU
		{69D4FBAC-378A-43CE-A909-A7872E1F4462}.Debug|Any CPU.Build.0 = Debug|Any CPU
		{69D4FBAC-378A-43CE-A909-A7872E1F4462}.Debug|x86.ActiveCfg = Debug|Any CPU
		{69D4FBAC-378A-43CE-A909-A7872E1F4462}.Debug|x86.Build.0 = Debug|Any CPU
		{69D4FBAC-378A-43CE-A909-A7872E1F4462}.Release|Any CPU.ActiveCfg = Release|Any CPU
		{69D4FBAC-378A-43CE-A909-A7872E1F4462}.Release|Any CPU.Build.0 = Release|Any CPU
		{69D4FBAC-378A-43CE-A909-A7872E1F4462}.Release|x86.ActiveCfg = Release|Any CPU
		{69D4FBAC-378A-43CE-A909-A7872E1F4462}.Release|x86.Build.0 = Release|Any CPU
		{F8977C05-3E7E-4B1E-991A-C9761CCDE9F4}.Debug|Any CPU.ActiveCfg = Debug|Any CPU
		{F8977C05-3E7E-4B1E-991A-C9761CCDE9F4}.Debug|Any CPU.Build.0 = Debug|Any CPU
		{F8977C05-3E7E-4B1E-991A-C9761CCDE9F4}.Debug|x86.ActiveCfg = Debug|Any CPU
		{F8977C05-3E7E-4B1E-991A-C9761CCDE9F4}.Debug|x86.Build.0 = Debug|Any CPU
		{F8977C05-3E7E-4B1E-991A-C9761CCDE9F4}.Release|Any CPU.ActiveCfg = Release|Any CPU
		{F8977C05-3E7E-4B1E-991A-C9761CCDE9F4}.Release|Any CPU.Build.0 = Release|Any CPU
		{F8977C05-3E7E-4B1E-991A-C9761CCDE9F4}.Release|x86.ActiveCfg = Release|Any CPU
		{F8977C05-3E7E-4B1E-991A-C9761CCDE9F4}.Release|x86.Build.0 = Release|Any CPU
		{D9345B2F-BC00-4797-894C-553F15FD2DB5}.Debug|Any CPU.ActiveCfg = Debug|Any CPU
		{D9345B2F-BC00-4797-894C-553F15FD2DB5}.Debug|Any CPU.Build.0 = Debug|Any CPU
		{D9345B2F-BC00-4797-894C-553F15FD2DB5}.Debug|x86.ActiveCfg = Debug|x86
		{D9345B2F-BC00-4797-894C-553F15FD2DB5}.Debug|x86.Build.0 = Debug|x86
		{D9345B2F-BC00-4797-894C-553F15FD2DB5}.Release|Any CPU.ActiveCfg = Release|Any CPU
		{D9345B2F-BC00-4797-894C-553F15FD2DB5}.Release|Any CPU.Build.0 = Release|Any CPU
		{D9345B2F-BC00-4797-894C-553F15FD2DB5}.Release|x86.ActiveCfg = Release|x86
		{D9345B2F-BC00-4797-894C-553F15FD2DB5}.Release|x86.Build.0 = Release|x86
		{36CC90DD-8F5C-4B40-885C-DFD76CC8BFB4}.Debug|Any CPU.ActiveCfg = Debug|Any CPU
		{36CC90DD-8F5C-4B40-885C-DFD76CC8BFB4}.Debug|Any CPU.Build.0 = Debug|Any CPU
		{36CC90DD-8F5C-4B40-885C-DFD76CC8BFB4}.Debug|x86.ActiveCfg = Debug|Any CPU
		{36CC90DD-8F5C-4B40-885C-DFD76CC8BFB4}.Debug|x86.Build.0 = Debug|Any CPU
		{36CC90DD-8F5C-4B40-885C-DFD76CC8BFB4}.Release|Any CPU.ActiveCfg = Release|Any CPU
		{36CC90DD-8F5C-4B40-885C-DFD76CC8BFB4}.Release|Any CPU.Build.0 = Release|Any CPU
		{36CC90DD-8F5C-4B40-885C-DFD76CC8BFB4}.Release|x86.ActiveCfg = Release|Any CPU
		{36CC90DD-8F5C-4B40-885C-DFD76CC8BFB4}.Release|x86.Build.0 = Release|Any CPU
		{16033F78-99CE-400C-A3F6-80BCC43566E8}.Debug|Any CPU.ActiveCfg = Debug|Any CPU
		{16033F78-99CE-400C-A3F6-80BCC43566E8}.Debug|Any CPU.Build.0 = Debug|Any CPU
		{16033F78-99CE-400C-A3F6-80BCC43566E8}.Debug|x86.ActiveCfg = Debug|Any CPU
		{16033F78-99CE-400C-A3F6-80BCC43566E8}.Debug|x86.Build.0 = Debug|Any CPU
		{16033F78-99CE-400C-A3F6-80BCC43566E8}.Release|Any CPU.ActiveCfg = Release|Any CPU
		{16033F78-99CE-400C-A3F6-80BCC43566E8}.Release|Any CPU.Build.0 = Release|Any CPU
		{16033F78-99CE-400C-A3F6-80BCC43566E8}.Release|x86.ActiveCfg = Release|Any CPU
		{16033F78-99CE-400C-A3F6-80BCC43566E8}.Release|x86.Build.0 = Release|Any CPU
		{6392A410-854E-4DCF-A5F4-0207A4970916}.Debug|Any CPU.ActiveCfg = Debug|Any CPU
		{6392A410-854E-4DCF-A5F4-0207A4970916}.Debug|Any CPU.Build.0 = Debug|Any CPU
		{6392A410-854E-4DCF-A5F4-0207A4970916}.Debug|x86.ActiveCfg = Debug|Any CPU
		{6392A410-854E-4DCF-A5F4-0207A4970916}.Debug|x86.Build.0 = Debug|Any CPU
		{6392A410-854E-4DCF-A5F4-0207A4970916}.Release|Any CPU.ActiveCfg = Release|Any CPU
		{6392A410-854E-4DCF-A5F4-0207A4970916}.Release|Any CPU.Build.0 = Release|Any CPU
		{6392A410-854E-4DCF-A5F4-0207A4970916}.Release|x86.ActiveCfg = Release|Any CPU
		{6392A410-854E-4DCF-A5F4-0207A4970916}.Release|x86.Build.0 = Release|Any CPU
	EndGlobalSection
	GlobalSection(SolutionProperties) = preSolution
		HideSolutionNode = FALSE
	EndGlobalSection
EndGlobal
